github.com/alioygur/gores v1.2.2 h1:y5mzo3R5cNWz1LBTIwAEU6DmB8grIC7iJwfc91kmBVU=
github.com/alioygur/gores v1.2.2/go.mod h1:z9GuicgNf03HUIQ5aPbiQGshig430sMeaFFfqfRacl8=
github.com/gorilla/mux v1.8.1 h1:TuBL49tXwgrFYWhqrNgrUNEY92u81SPhu7sTdzQEiWY=
github.com/gorilla/mux v1.8.1/go.mod h1:AKf9I4AEqPTmMytcMc0KkNouC66V3BtZ4qD5fmWSiMQ=
go.mongodb.org/mongo-driver v1.17.4 h1:jUorfmVzljjr0FLzYQsGP8cgN/qzzxlY9Vh0C9KFXVw=
go.mongodb.org/mongo-driver v1.17.4/go.mod h1:Hy04i7O2kC4RS06ZrhPRqj/u4DTYkFDAAccj+rVKqgQ=
